
Microsoft Visual Studio Solution File, Format Version 12.00
# Visual Studio Version 16
VisualStudioVersion = 16.0.31019.35
MinimumVisualStudioVersion = 10.0.40219.1
Project("{9A19103F-16F7-4668-BE54-9A1E7A4F7556}") = "AuthorizationService", "AuthorizationService\AuthorizationService.csproj", "{F06E9FDC-A8C3-4DBE-A72C-DE5B9BD13DC0}"
EndProject
Project("{9A19103F-16F7-4668-BE54-9A1E7A4F7556}") = "AuthorizationService.DAL", "AuthorizationService.DAL\AuthorizationService.DAL.csproj", "{CC534A1A-FBEE-451E-A571-5933E7739269}"
EndProject
Global
	GlobalSection(SolutionConfigurationPlatforms) = preSolution
		Debug|Any CPU = Debug|Any CPU
		Release|Any CPU = Release|Any CPU
	EndGlobalSection
	GlobalSection(ProjectConfigurationPlatforms) = postSolution
		{F06E9FDC-A8C3-4DBE-A72C-DE5B9BD13DC0}.Debug|Any CPU.ActiveCfg = Debug|Any CPU
		{F06E9FDC-A8C3-4DBE-A72C-DE5B9BD13DC0}.Debug|Any CPU.Build.0 = Debug|Any CPU
		{F06E9FDC-A8C3-4DBE-A72C-DE5B9BD13DC0}.Release|Any CPU.ActiveCfg = Release|Any CPU
		{F06E9FDC-A8C3-4DBE-A72C-DE5B9BD13DC0}.Release|Any CPU.Build.0 = Release|Any CPU
		{CC534A1A-FBEE-451E-A571-5933E7739269}.Debug|Any CPU.ActiveCfg = Debug|Any CPU
		{CC534A1A-FBEE-451E-A571-5933E7739269}.Debug|Any CPU.Build.0 = Debug|Any CPU
		{CC534A1A-FBEE-451E-A571-5933E7739269}.Release|Any CPU.ActiveCfg = Release|Any CPU
		{CC534A1A-FBEE-451E-A571-5933E7739269}.Release|Any CPU.Build.0 = Release|Any CPU
		{4DF30426-503F-4933-851B-3D85F46BDE9E}.Debug|Any CPU.ActiveCfg = Debug|Any CPU
		{4DF30426-503F-4933-851B-3D85F46BDE9E}.Debug|Any CPU.Build.0 = Debug|Any CPU
		{4DF30426-503F-4933-851B-3D85F46BDE9E}.Release|Any CPU.ActiveCfg = Release|Any CPU
		{4DF30426-503F-4933-851B-3D85F46BDE9E}.Release|Any CPU.Build.0 = Release|Any CPU
	EndGlobalSection
	GlobalSection(SolutionProperties) = preSolution
		HideSolutionNode = FALSE
	EndGlobalSection
	GlobalSection(ExtensibilityGlobals) = postSolution
		SolutionGuid = {C81855F7-D63F-4FA7-86B9-CB6808B8AB94}
	EndGlobalSection
EndGlobal
