
Microsoft Visual Studio Solution File, Format Version 12.00
# Visual Studio Version 16
VisualStudioVersion = 16.0.31112.23
MinimumVisualStudioVersion = 10.0.40219.1
Project("{FAE04EC0-301F-11D3-BF4B-00C04F79EFBC}") = "TestingService", "TestingService\TestingService.csproj", "{33BA7A24-6EDA-4889-A599-C4670EF59875}"
EndProject
Global
	GlobalSection(SolutionConfigurationPlatforms) = preSolution
		Debug|Any CPU = Debug|Any CPU
		Release|Any CPU = Release|Any CPU
	EndGlobalSection
	GlobalSection(ProjectConfigurationPlatforms) = postSolution
		{33BA7A24-6EDA-4889-A599-C4670EF59875}.Debug|Any CPU.ActiveCfg = Debug|Any CPU
		{33BA7A24-6EDA-4889-A599-C4670EF59875}.Debug|Any CPU.Build.0 = Debug|Any CPU
		{33BA7A24-6EDA-4889-A599-C4670EF59875}.Release|Any CPU.ActiveCfg = Release|Any CPU
		{33BA7A24-6EDA-4889-A599-C4670EF59875}.Release|Any CPU.Build.0 = Release|Any CPU
	EndGlobalSection
	GlobalSection(SolutionProperties) = preSolution
		HideSolutionNode = FALSE
	EndGlobalSection
	GlobalSection(ExtensibilityGlobals) = postSolution
		SolutionGuid = {D10702C0-61DC-4FFC-9704-959FDDC8C065}
	EndGlobalSection
EndGlobal
